{
    "version": 3,
    "terraform_version": "0.11.8",
    "serial": 4,
    "lineage": "9509781e-fde3-6856-a951-a29932c57064",
    "modules": [
        {
            "path": [
                "root"
            ],
            "outputs": {
                "alb_hostname": {
                    "sensitive": false,
                    "type": "string",
                    "value": "ecs-vinay-load-balancer-1295693744.us-east-1.elb.amazonaws.com"
                }
            },
            "resources": {
                "aws_alb.main": {
                    "type": "aws_alb",
                    "depends_on": [
                        "aws_security_group.lb",
                        "aws_subnet.public.*"
                    ],
                    "primary": {
                        "id": "arn:aws:elasticloadbalancing:us-east-1:926368961095:loadbalancer/app/ecs-vinay-load-balancer/eaed5cad55cd3d2a",
                        "attributes": {
                            "access_logs.#": "0",
                            "arn": "arn:aws:elasticloadbalancing:us-east-1:926368961095:loadbalancer/app/ecs-vinay-load-balancer/eaed5cad55cd3d2a",
                            "arn_suffix": "app/ecs-vinay-load-balancer/eaed5cad55cd3d2a",
                            "dns_name": "ecs-vinay-load-balancer-1295693744.us-east-1.elb.amazonaws.com",
                            "enable_deletion_protection": "false",
                            "enable_http2": "true",
                            "id": "arn:aws:elasticloadbalancing:us-east-1:926368961095:loadbalancer/app/ecs-vinay-load-balancer/eaed5cad55cd3d2a",
                            "idle_timeout": "60",
                            "internal": "false",
                            "ip_address_type": "ipv4",
                            "load_balancer_type": "application",
                            "name": "ecs-vinay-load-balancer",
                            "security_groups.#": "1",
                            "security_groups.4096945529": "sg-018127ea4f2450c2f",
                            "subnet_mapping.#": "0",
                            "subnets.#": "2",
                            "subnets.3045480919": "subnet-01fc2ffe5215b320d",
                            "subnets.3645923053": "subnet-0e988b1cf1d1e66b2",
                            "tags.%": "0",
                            "vpc_id": "vpc-0e9591a11159b08a6",
                            "zone_id": "Z35SXDOTRQ7X7K"
                        },
                        "meta": {
                            "e2bfb730-ecaa-11e6-8f88-34363bc7c4c0": {
                                "create": 600000000000,
                                "delete": 600000000000,
                                "update": 600000000000
                            }
                        },
                        "tainted": false
                    },
                    "deposed": [],
                    "provider": "provider.aws"
                },
                "aws_alb_listener.front_end": {
                    "type": "aws_alb_listener",
                    "depends_on": [
                        "aws_alb.main",
                        "aws_alb_target_group.app"
                    ],
                    "primary": {
                        "id": "arn:aws:elasticloadbalancing:us-east-1:926368961095:listener/app/ecs-vinay-load-balancer/eaed5cad55cd3d2a/6759b2a2d81b3a48",
                        "attributes": {
                            "arn": "arn:aws:elasticloadbalancing:us-east-1:926368961095:listener/app/ecs-vinay-load-balancer/eaed5cad55cd3d2a/6759b2a2d81b3a48",
                            "default_action.#": "1",
                            "default_action.0.authenticate_cognito.#": "0",
                            "default_action.0.authenticate_oidc.#": "0",
                            "default_action.0.fixed_response.#": "0",
                            "default_action.0.order": "0",
                            "default_action.0.redirect.#": "0",
                            "default_action.0.target_group_arn": "arn:aws:elasticloadbalancing:us-east-1:926368961095:targetgroup/ecs-vinay-target-group/fd343335920e473f",
                            "default_action.0.type": "forward",
                            "id": "arn:aws:elasticloadbalancing:us-east-1:926368961095:listener/app/ecs-vinay-load-balancer/eaed5cad55cd3d2a/6759b2a2d81b3a48",
                            "load_balancer_arn": "arn:aws:elasticloadbalancing:us-east-1:926368961095:loadbalancer/app/ecs-vinay-load-balancer/eaed5cad55cd3d2a",
                            "port": "80",
                            "protocol": "HTTP",
                            "ssl_policy": ""
                        },
                        "meta": {
                            "e2bfb730-ecaa-11e6-8f88-34363bc7c4c0": {
                                "read": 600000000000
                            }
                        },
                        "tainted": false
                    },
                    "deposed": [],
                    "provider": "provider.aws"
                },
                "aws_alb_target_group.app": {
                    "type": "aws_alb_target_group",
                    "depends_on": [
                        "aws_vpc.main"
                    ],
                    "primary": {
                        "id": "arn:aws:elasticloadbalancing:us-east-1:926368961095:targetgroup/ecs-vinay-target-group/fd343335920e473f",
                        "attributes": {
                            "arn": "arn:aws:elasticloadbalancing:us-east-1:926368961095:targetgroup/ecs-vinay-target-group/fd343335920e473f",
                            "arn_suffix": "targetgroup/ecs-vinay-target-group/fd343335920e473f",
                            "deregistration_delay": "300",
                            "health_check.#": "1",
                            "health_check.0.healthy_threshold": "3",
                            "health_check.0.interval": "30",
                            "health_check.0.matcher": "200",
                            "health_check.0.path": "/",
                            "health_check.0.port": "traffic-port",
                            "health_check.0.protocol": "HTTP",
                            "health_check.0.timeout": "3",
                            "health_check.0.unhealthy_threshold": "2",
                            "id": "arn:aws:elasticloadbalancing:us-east-1:926368961095:targetgroup/ecs-vinay-target-group/fd343335920e473f",
                            "name": "ecs-vinay-target-group",
                            "port": "80",
                            "protocol": "HTTP",
                            "proxy_protocol_v2": "false",
                            "slow_start": "0",
                            "stickiness.#": "1",
                            "stickiness.0.cookie_duration": "86400",
                            "stickiness.0.enabled": "false",
                            "stickiness.0.type": "lb_cookie",
                            "tags.%": "0",
                            "target_type": "ip",
                            "vpc_id": "vpc-0e9591a11159b08a6"
                        },
                        "meta": {},
                        "tainted": false
                    },
                    "deposed": [],
                    "provider": "provider.aws"
                },
                "aws_ecs_cluster.main": {
                    "type": "aws_ecs_cluster",
                    "depends_on": [],
                    "primary": {
                        "id": "arn:aws:ecs:us-east-1:926368961095:cluster/cb-cluster",
                        "attributes": {
                            "arn": "arn:aws:ecs:us-east-1:926368961095:cluster/cb-cluster",
                            "id": "arn:aws:ecs:us-east-1:926368961095:cluster/cb-cluster",
                            "name": "cb-cluster"
                        },
                        "meta": {},
                        "tainted": false
                    },
                    "deposed": [],
                    "provider": "provider.aws"
                },
                "aws_ecs_service.main": {
                    "type": "aws_ecs_service",
                    "depends_on": [
                        "aws_alb_listener.front_end",
                        "aws_alb_target_group.app",
                        "aws_ecs_cluster.main",
                        "aws_ecs_task_definition.app",
                        "aws_security_group.ecs_tasks",
                        "aws_subnet.private.*"
                    ],
                    "primary": {
                        "id": "arn:aws:ecs:us-east-1:926368961095:service/ecs-vinay-service",
                        "attributes": {
                            "cluster": "arn:aws:ecs:us-east-1:926368961095:cluster/cb-cluster",
                            "deployment_maximum_percent": "200",
                            "deployment_minimum_healthy_percent": "100",
                            "desired_count": "2",
                            "health_check_grace_period_seconds": "0",
                            "iam_role": "aws-service-role",
                            "id": "arn:aws:ecs:us-east-1:926368961095:service/ecs-vinay-service",
                            "launch_type": "FARGATE",
                            "load_balancer.#": "1",
                            "load_balancer.850287553.container_name": "ecs-vinay-app",
                            "load_balancer.850287553.container_port": "80",
                            "load_balancer.850287553.elb_name": "",
                            "load_balancer.850287553.target_group_arn": "arn:aws:elasticloadbalancing:us-east-1:926368961095:targetgroup/ecs-vinay-target-group/fd343335920e473f",
                            "name": "ecs-vinay-service",
                            "network_configuration.#": "1",
                            "network_configuration.0.assign_public_ip": "true",
                            "network_configuration.0.security_groups.#": "1",
                            "network_configuration.0.security_groups.227079354": "sg-0c0e207a7a1167829",
                            "network_configuration.0.subnets.#": "2",
                            "network_configuration.0.subnets.2235560526": "subnet-03a49ed803421092a",
                            "network_configuration.0.subnets.450192330": "subnet-0a69160705e30aca5",
                            "ordered_placement_strategy.#": "0",
                            "placement_constraints.#": "0",
                            "scheduling_strategy": "REPLICA",
                            "service_registries.#": "0",
                            "task_definition": "arn:aws:ecs:us-east-1:926368961095:task-definition/ecs-vinay-app-task:3"
                        },
                        "meta": {},
                        "tainted": false
                    },
                    "deposed": [],
                    "provider": "provider.aws"
                },
                "aws_ecs_task_definition.app": {
                    "type": "aws_ecs_task_definition",
                    "depends_on": [
                        "data.template_file.cb_app"
                    ],
                    "primary": {
                        "id": "ecs-vinay-app-task",
                        "attributes": {
                            "arn": "arn:aws:ecs:us-east-1:926368961095:task-definition/ecs-vinay-app-task:3",
                            "container_definitions": "[{\"cpu\":1024,\"environment\":[],\"essential\":true,\"image\":\"yeasy/simple-web:latest\",\"logConfiguration\":{\"logDriver\":\"awslogs\",\"options\":{\"awslogs-group\":\"/ecs/ecs-vinay-app\",\"awslogs-region\":\"us-east-1\",\"awslogs-stream-prefix\":\"ecs\"}},\"memory\":2048,\"mountPoints\":[],\"name\":\"ecs-vinay-app\",\"portMappings\":[{\"containerPort\":80,\"hostPort\":80,\"protocol\":\"tcp\"}],\"volumesFrom\":[]}]",
                            "cpu": "1024",
                            "execution_role_arn": "arn:aws:iam::926368961095:role/ecsTaskExecutionRole",
                            "family": "ecs-vinay-app-task",
                            "id": "ecs-vinay-app-task",
                            "memory": "2048",
                            "network_mode": "awsvpc",
                            "placement_constraints.#": "0",
                            "requires_compatibilities.#": "1",
                            "requires_compatibilities.3072437307": "FARGATE",
                            "revision": "3",
                            "task_role_arn": "",
                            "volume.#": "0"
                        },
                        "meta": {
                            "schema_version": "1"
                        },
                        "tainted": false
                    },
                    "deposed": [],
                    "provider": "provider.aws"
                },
                "aws_eip.gw.0": {
                    "type": "aws_eip",
                    "depends_on": [
                        "aws_internet_gateway.gw"
                    ],
                    "primary": {
                        "id": "eipalloc-0ec80799f0bcf9464",
                        "attributes": {
                            "association_id": "",
                            "domain": "vpc",
                            "id": "eipalloc-0ec80799f0bcf9464",
                            "instance": "",
                            "network_interface": "",
                            "private_ip": "",
                            "public_ip": "18.235.113.18",
                            "tags.%": "0",
                            "vpc": "true"
                        },
                        "meta": {
                            "e2bfb730-ecaa-11e6-8f88-34363bc7c4c0": {
                                "delete": 180000000000,
                                "read": 900000000000,
                                "update": 300000000000
                            }
                        },
                        "tainted": false
                    },
                    "deposed": [],
                    "provider": "provider.aws"
                },
                "aws_eip.gw.1": {
                    "type": "aws_eip",
                    "depends_on": [
                        "aws_internet_gateway.gw"
                    ],
                    "primary": {
                        "id": "eipalloc-02c229528e773e60b",
                        "attributes": {
                            "association_id": "",
                            "domain": "vpc",
                            "id": "eipalloc-02c229528e773e60b",
                            "instance": "",
                            "network_interface": "",
                            "private_ip": "",
                            "public_ip": "35.168.33.45",
                            "tags.%": "0",
                            "vpc": "true"
                        },
                        "meta": {
                            "e2bfb730-ecaa-11e6-8f88-34363bc7c4c0": {
                                "delete": 180000000000,
                                "read": 900000000000,
                                "update": 300000000000
                            }
                        },
                        "tainted": false
                    },
                    "deposed": [],
                    "provider": "provider.aws"
                },
                "aws_internet_gateway.gw": {
                    "type": "aws_internet_gateway",
                    "depends_on": [
                        "aws_vpc.main"
                    ],
                    "primary": {
                        "id": "igw-01b8a8fd153e5c5b0",
                        "attributes": {
                            "id": "igw-01b8a8fd153e5c5b0",
                            "vpc_id": "vpc-0e9591a11159b08a6"
                        },
                        "meta": {},
                        "tainted": false
                    },
                    "deposed": [],
                    "provider": "provider.aws"
                },
                "aws_nat_gateway.gw.0": {
                    "type": "aws_nat_gateway",
                    "depends_on": [
                        "aws_eip.gw.*",
                        "aws_subnet.public.*"
                    ],
                    "primary": {
                        "id": "nat-075a5ad0ea093b881",
                        "attributes": {
                            "allocation_id": "eipalloc-0ec80799f0bcf9464",
                            "id": "nat-075a5ad0ea093b881",
                            "network_interface_id": "eni-07a48f228067b0728",
                            "private_ip": "172.17.2.220",
                            "public_ip": "18.235.113.18",
                            "subnet_id": "subnet-01fc2ffe5215b320d",
                            "tags.%": "0"
                        },
                        "meta": {},
                        "tainted": false
                    },
                    "deposed": [],
                    "provider": "provider.aws"
                },
                "aws_nat_gateway.gw.1": {
                    "type": "aws_nat_gateway",
                    "depends_on": [
                        "aws_eip.gw.*",
                        "aws_subnet.public.*"
                    ],
                    "primary": {
                        "id": "nat-05e6efa3e332a928c",
                        "attributes": {
                            "allocation_id": "eipalloc-02c229528e773e60b",
                            "id": "nat-05e6efa3e332a928c",
                            "network_interface_id": "eni-01e056b4f20a511af",
                            "private_ip": "172.17.3.95",
                            "public_ip": "35.168.33.45",
                            "subnet_id": "subnet-0e988b1cf1d1e66b2",
                            "tags.%": "0"
                        },
                        "meta": {},
                        "tainted": false
                    },
                    "deposed": [],
                    "provider": "provider.aws"
                },
                "aws_route.internet_access": {
                    "type": "aws_route",
                    "depends_on": [
                        "aws_internet_gateway.gw",
                        "aws_vpc.main"
                    ],
                    "primary": {
                        "id": "r-rtb-072d9f79e37de88051080289494",
                        "attributes": {
                            "destination_cidr_block": "0.0.0.0/0",
                            "destination_prefix_list_id": "",
                            "egress_only_gateway_id": "",
                            "gateway_id": "igw-01b8a8fd153e5c5b0",
                            "id": "r-rtb-072d9f79e37de88051080289494",
                            "instance_id": "",
                            "instance_owner_id": "",
                            "nat_gateway_id": "",
                            "network_interface_id": "",
                            "origin": "CreateRoute",
                            "route_table_id": "rtb-072d9f79e37de8805",
                            "state": "active",
                            "vpc_peering_connection_id": ""
                        },
                        "meta": {
                            "e2bfb730-ecaa-11e6-8f88-34363bc7c4c0": {
                                "create": 120000000000,
                                "delete": 300000000000
                            }
                        },
                        "tainted": false
                    },
                    "deposed": [],
                    "provider": "provider.aws"
                },
                "aws_route_table.private.0": {
                    "type": "aws_route_table",
                    "depends_on": [
                        "aws_nat_gateway.gw.*",
                        "aws_vpc.main"
                    ],
                    "primary": {
                        "id": "rtb-0bbda990984f02f8d",
                        "attributes": {
                            "id": "rtb-0bbda990984f02f8d",
                            "propagating_vgws.#": "0",
                            "route.#": "1",
                            "route.2651667134.cidr_block": "0.0.0.0/0",
                            "route.2651667134.egress_only_gateway_id": "",
                            "route.2651667134.gateway_id": "",
                            "route.2651667134.instance_id": "",
                            "route.2651667134.ipv6_cidr_block": "",
                            "route.2651667134.nat_gateway_id": "nat-075a5ad0ea093b881",
                            "route.2651667134.network_interface_id": "",
                            "route.2651667134.vpc_peering_connection_id": "",
                            "tags.%": "0",
                            "vpc_id": "vpc-0e9591a11159b08a6"
                        },
                        "meta": {},
                        "tainted": false
                    },
                    "deposed": [],
                    "provider": "provider.aws"
                },
                "aws_route_table.private.1": {
                    "type": "aws_route_table",
                    "depends_on": [
                        "aws_nat_gateway.gw.*",
                        "aws_vpc.main"
                    ],
                    "primary": {
                        "id": "rtb-015b30efaddd095b0",
                        "attributes": {
                            "id": "rtb-015b30efaddd095b0",
                            "propagating_vgws.#": "0",
                            "route.#": "1",
                            "route.3252533674.cidr_block": "0.0.0.0/0",
                            "route.3252533674.egress_only_gateway_id": "",
                            "route.3252533674.gateway_id": "",
                            "route.3252533674.instance_id": "",
                            "route.3252533674.ipv6_cidr_block": "",
                            "route.3252533674.nat_gateway_id": "nat-05e6efa3e332a928c",
                            "route.3252533674.network_interface_id": "",
                            "route.3252533674.vpc_peering_connection_id": "",
                            "tags.%": "0",
                            "vpc_id": "vpc-0e9591a11159b08a6"
                        },
                        "meta": {},
                        "tainted": false
                    },
                    "deposed": [],
                    "provider": "provider.aws"
                },
                "aws_route_table_association.private.0": {
                    "type": "aws_route_table_association",
                    "depends_on": [
                        "aws_route_table.private.*",
                        "aws_subnet.private.*"
                    ],
                    "primary": {
                        "id": "rtbassoc-0b2b3915ac7f96e71",
                        "attributes": {
                            "id": "rtbassoc-0b2b3915ac7f96e71",
                            "route_table_id": "rtb-0bbda990984f02f8d",
                            "subnet_id": "subnet-0a69160705e30aca5"
                        },
                        "meta": {},
                        "tainted": false
                    },
                    "deposed": [],
                    "provider": "provider.aws"
                },
                "aws_route_table_association.private.1": {
                    "type": "aws_route_table_association",
                    "depends_on": [
                        "aws_route_table.private.*",
                        "aws_subnet.private.*"
                    ],
                    "primary": {
                        "id": "rtbassoc-062c6421ddcc14e35",
                        "attributes": {
                            "id": "rtbassoc-062c6421ddcc14e35",
                            "route_table_id": "rtb-015b30efaddd095b0",
                            "subnet_id": "subnet-03a49ed803421092a"
                        },
                        "meta": {},
                        "tainted": false
                    },
                    "deposed": [],
                    "provider": "provider.aws"
                },
                "aws_security_group.ecs_tasks": {
                    "type": "aws_security_group",
                    "depends_on": [
                        "aws_security_group.lb",
                        "aws_vpc.main"
                    ],
                    "primary": {
                        "id": "sg-0c0e207a7a1167829",
                        "attributes": {
                            "arn": "arn:aws:ec2:us-east-1:926368961095:security-group/sg-0c0e207a7a1167829",
                            "description": "allow inbound access from the ALB only",
                            "egress.#": "1",
                            "egress.482069346.cidr_blocks.#": "1",
                            "egress.482069346.cidr_blocks.0": "0.0.0.0/0",
                            "egress.482069346.description": "",
                            "egress.482069346.from_port": "0",
                            "egress.482069346.ipv6_cidr_blocks.#": "0",
                            "egress.482069346.prefix_list_ids.#": "0",
                            "egress.482069346.protocol": "-1",
                            "egress.482069346.security_groups.#": "0",
                            "egress.482069346.self": "false",
                            "egress.482069346.to_port": "0",
                            "id": "sg-0c0e207a7a1167829",
                            "ingress.#": "1",
                            "ingress.2199615674.cidr_blocks.#": "0",
                            "ingress.2199615674.description": "",
                            "ingress.2199615674.from_port": "80",
                            "ingress.2199615674.ipv6_cidr_blocks.#": "0",
                            "ingress.2199615674.prefix_list_ids.#": "0",
                            "ingress.2199615674.protocol": "tcp",
                            "ingress.2199615674.security_groups.#": "1",
                            "ingress.2199615674.security_groups.4096945529": "sg-018127ea4f2450c2f",
                            "ingress.2199615674.self": "false",
                            "ingress.2199615674.to_port": "80",
                            "name": "ecs-vinay-cluster",
                            "owner_id": "926368961095",
                            "revoke_rules_on_delete": "false",
                            "tags.%": "0",
                            "vpc_id": "vpc-0e9591a11159b08a6"
                        },
                        "meta": {
                            "e2bfb730-ecaa-11e6-8f88-34363bc7c4c0": {
                                "create": 600000000000,
                                "delete": 600000000000
                            },
                            "schema_version": "1"
                        },
                        "tainted": false
                    },
                    "deposed": [],
                    "provider": "provider.aws"
                },
                "aws_security_group.lb": {
                    "type": "aws_security_group",
                    "depends_on": [
                        "aws_vpc.main"
                    ],
                    "primary": {
                        "id": "sg-018127ea4f2450c2f",
                        "attributes": {
                            "arn": "arn:aws:ec2:us-east-1:926368961095:security-group/sg-018127ea4f2450c2f",
                            "description": "controls access to the ALB",
                            "egress.#": "1",
                            "egress.482069346.cidr_blocks.#": "1",
                            "egress.482069346.cidr_blocks.0": "0.0.0.0/0",
                            "egress.482069346.description": "",
                            "egress.482069346.from_port": "0",
                            "egress.482069346.ipv6_cidr_blocks.#": "0",
                            "egress.482069346.prefix_list_ids.#": "0",
                            "egress.482069346.protocol": "-1",
                            "egress.482069346.security_groups.#": "0",
                            "egress.482069346.self": "false",
                            "egress.482069346.to_port": "0",
                            "id": "sg-018127ea4f2450c2f",
                            "ingress.#": "1",
                            "ingress.2214680975.cidr_blocks.#": "1",
                            "ingress.2214680975.cidr_blocks.0": "0.0.0.0/0",
                            "ingress.2214680975.description": "",
                            "ingress.2214680975.from_port": "80",
                            "ingress.2214680975.ipv6_cidr_blocks.#": "0",
                            "ingress.2214680975.prefix_list_ids.#": "0",
                            "ingress.2214680975.protocol": "tcp",
                            "ingress.2214680975.security_groups.#": "0",
                            "ingress.2214680975.self": "false",
                            "ingress.2214680975.to_port": "80",
                            "name": "ecs-vinay-alb",
                            "owner_id": "926368961095",
                            "revoke_rules_on_delete": "false",
                            "tags.%": "0",
                            "vpc_id": "vpc-0e9591a11159b08a6"
                        },
                        "meta": {
                            "e2bfb730-ecaa-11e6-8f88-34363bc7c4c0": {
                                "create": 600000000000,
                                "delete": 600000000000
                            },
                            "schema_version": "1"
                        },
                        "tainted": false
                    },
                    "deposed": [],
                    "provider": "provider.aws"
                },
                "aws_subnet.private.0": {
                    "type": "aws_subnet",
                    "depends_on": [
                        "aws_vpc.main",
                        "data.aws_availability_zones.available"
                    ],
                    "primary": {
                        "id": "subnet-0a69160705e30aca5",
                        "attributes": {
                            "arn": "arn:aws:ec2:us-east-1:926368961095:subnet/subnet-0a69160705e30aca5",
                            "assign_ipv6_address_on_creation": "false",
                            "availability_zone": "us-east-1a",
                            "cidr_block": "172.17.0.0/24",
                            "id": "subnet-0a69160705e30aca5",
                            "map_public_ip_on_launch": "false",
                            "tags.%": "0",
                            "vpc_id": "vpc-0e9591a11159b08a6"
                        },
                        "meta": {
                            "e2bfb730-ecaa-11e6-8f88-34363bc7c4c0": {
                                "create": 600000000000,
                                "delete": 600000000000
                            },
                            "schema_version": "1"
                        },
                        "tainted": false
                    },
                    "deposed": [],
                    "provider": "provider.aws"
                },
                "aws_subnet.private.1": {
                    "type": "aws_subnet",
                    "depends_on": [
                        "aws_vpc.main",
                        "data.aws_availability_zones.available"
                    ],
                    "primary": {
                        "id": "subnet-03a49ed803421092a",
                        "attributes": {
                            "arn": "arn:aws:ec2:us-east-1:926368961095:subnet/subnet-03a49ed803421092a",
                            "assign_ipv6_address_on_creation": "false",
                            "availability_zone": "us-east-1b",
                            "cidr_block": "172.17.1.0/24",
                            "id": "subnet-03a49ed803421092a",
                            "map_public_ip_on_launch": "false",
                            "tags.%": "0",
                            "vpc_id": "vpc-0e9591a11159b08a6"
                        },
                        "meta": {
                            "e2bfb730-ecaa-11e6-8f88-34363bc7c4c0": {
                                "create": 600000000000,
                                "delete": 600000000000
                            },
                            "schema_version": "1"
                        },
                        "tainted": false
                    },
                    "deposed": [],
                    "provider": "provider.aws"
                },
                "aws_subnet.public.0": {
                    "type": "aws_subnet",
                    "depends_on": [
                        "aws_vpc.main",
                        "data.aws_availability_zones.available"
                    ],
                    "primary": {
                        "id": "subnet-01fc2ffe5215b320d",
                        "attributes": {
                            "arn": "arn:aws:ec2:us-east-1:926368961095:subnet/subnet-01fc2ffe5215b320d",
                            "assign_ipv6_address_on_creation": "false",
                            "availability_zone": "us-east-1a",
                            "cidr_block": "172.17.2.0/24",
                            "id": "subnet-01fc2ffe5215b320d",
                            "map_public_ip_on_launch": "true",
                            "tags.%": "0",
                            "vpc_id": "vpc-0e9591a11159b08a6"
                        },
                        "meta": {
                            "e2bfb730-ecaa-11e6-8f88-34363bc7c4c0": {
                                "create": 600000000000,
                                "delete": 600000000000
                            },
                            "schema_version": "1"
                        },
                        "tainted": false
                    },
                    "deposed": [],
                    "provider": "provider.aws"
                },
                "aws_subnet.public.1": {
                    "type": "aws_subnet",
                    "depends_on": [
                        "aws_vpc.main",
                        "data.aws_availability_zones.available"
                    ],
                    "primary": {
                        "id": "subnet-0e988b1cf1d1e66b2",
                        "attributes": {
                            "arn": "arn:aws:ec2:us-east-1:926368961095:subnet/subnet-0e988b1cf1d1e66b2",
                            "assign_ipv6_address_on_creation": "false",
                            "availability_zone": "us-east-1b",
                            "cidr_block": "172.17.3.0/24",
                            "id": "subnet-0e988b1cf1d1e66b2",
                            "map_public_ip_on_launch": "true",
                            "tags.%": "0",
                            "vpc_id": "vpc-0e9591a11159b08a6"
                        },
                        "meta": {
                            "e2bfb730-ecaa-11e6-8f88-34363bc7c4c0": {
                                "create": 600000000000,
                                "delete": 600000000000
                            },
                            "schema_version": "1"
                        },
                        "tainted": false
                    },
                    "deposed": [],
                    "provider": "provider.aws"
                },
                "aws_vpc.main": {
                    "type": "aws_vpc",
                    "depends_on": [],
                    "primary": {
                        "id": "vpc-0e9591a11159b08a6",
                        "attributes": {
                            "arn": "arn:aws:ec2:us-east-1:926368961095:vpc/vpc-0e9591a11159b08a6",
                            "assign_generated_ipv6_cidr_block": "false",
                            "cidr_block": "172.17.0.0/16",
                            "default_network_acl_id": "acl-0f00a00ccfb41e18d",
                            "default_route_table_id": "rtb-072d9f79e37de8805",
                            "default_security_group_id": "sg-0c16291e59c2cadfb",
                            "dhcp_options_id": "dopt-d983f8a2",
                            "enable_classiclink": "false",
                            "enable_classiclink_dns_support": "false",
                            "enable_dns_hostnames": "false",
                            "enable_dns_support": "true",
                            "id": "vpc-0e9591a11159b08a6",
                            "instance_tenancy": "default",
                            "main_route_table_id": "rtb-072d9f79e37de8805",
                            "tags.%": "0"
                        },
                        "meta": {
                            "schema_version": "1"
                        },
                        "tainted": false
                    },
                    "deposed": [],
                    "provider": "provider.aws"
                },
                "data.aws_availability_zones.available": {
                    "type": "aws_availability_zones",
                    "depends_on": [],
                    "primary": {
                        "id": "2018-10-12 18:33:58.998601 +0000 UTC",
                        "attributes": {
                            "id": "2018-10-12 18:33:58.998601 +0000 UTC",
                            "names.#": "6",
                            "names.0": "us-east-1a",
                            "names.1": "us-east-1b",
                            "names.2": "us-east-1c",
                            "names.3": "us-east-1d",
                            "names.4": "us-east-1e",
                            "names.5": "us-east-1f"
                        },
                        "meta": {},
                        "tainted": false
                    },
                    "deposed": [],
                    "provider": "provider.aws"
                },
                "data.template_file.cb_app": {
                    "type": "template_file",
                    "depends_on": [],
                    "primary": {
                        "id": "0eebc36a4bd748202dd1f4dfcbc10297cb2f396d43e11ca9a1591722ae8accb4",
                        "attributes": {
                            "id": "0eebc36a4bd748202dd1f4dfcbc10297cb2f396d43e11ca9a1591722ae8accb4",
                            "rendered": "[\n  {\n    \"name\": \"ecs-vinay-app\",\n    \"image\": \"yeasy/simple-web:latest\",\n    \"cpu\": 1024,\n    \"memory\": 2048,\n    \"networkMode\": \"awsvpc\",\n    \"logConfiguration\": {\n        \"logDriver\": \"awslogs\",\n        \"options\": {\n          \"awslogs-group\": \"/ecs/ecs-vinay-app\",\n          \"awslogs-region\": \"us-east-1\",\n          \"awslogs-stream-prefix\": \"ecs\"\n        }\n    },\n    \"portMappings\": [\n      {\n        \"containerPort\": 80,\n        \"hostPort\": 80\n      }\n    ]\n  }\n]\n",
                            "template": "[\n  {\n    \"name\": \"ecs-vinay-app\",\n    \"image\": \"${app_image}\",\n    \"cpu\": ${fargate_cpu},\n    \"memory\": ${fargate_memory},\n    \"networkMode\": \"awsvpc\",\n    \"logConfiguration\": {\n        \"logDriver\": \"awslogs\",\n        \"options\": {\n          \"awslogs-group\": \"/ecs/ecs-vinay-app\",\n          \"awslogs-region\": \"${aws_region}\",\n          \"awslogs-stream-prefix\": \"ecs\"\n        }\n    },\n    \"portMappings\": [\n      {\n        \"containerPort\": ${app_port},\n        \"hostPort\": ${app_port}\n      }\n    ]\n  }\n]\n",
                            "vars.%": "5",
                            "vars.app_image": "yeasy/simple-web:latest",
                            "vars.app_port": "80",
                            "vars.aws_region": "us-east-1",
                            "vars.fargate_cpu": "1024",
                            "vars.fargate_memory": "2048"
                        },
                        "meta": {},
                        "tainted": false
                    },
                    "deposed": [],
                    "provider": "provider.template"
                }
            },
            "depends_on": []
        }
    ]
}
